
Microsoft Visual Studio Solution File, Format Version 12.00
# Visual Studio Version 16
VisualStudioVersion = 16.0.29613.14
MinimumVisualStudioVersion = 10.0.40219.1
Project("{FAE04EC0-301F-11D3-BF4B-00C04F79EFBC}") = "ToDoListApp", "ToDoListApp\ToDoListApp.csproj", "{E397BE5C-0109-4709-8003-25D57EBCA347}"
EndProject
Global
	GlobalSection(SolutionConfigurationPlatforms) = preSolution
		Debug|Any CPU = Debug|Any CPU
		Release|Any CPU = Release|Any CPU
	EndGlobalSection
	GlobalSection(ProjectConfigurationPlatforms) = postSolution
		{E397BE5C-0109-4709-8003-25D57EBCA347}.Debug|Any CPU.ActiveCfg = Debug|Any CPU
		{E397BE5C-0109-4709-8003-25D57EBCA347}.Debug|Any CPU.Build.0 = Debug|Any CPU
		{E397BE5C-0109-4709-8003-25D57EBCA347}.Release|Any CPU.ActiveCfg = Release|Any CPU
		{E397BE5C-0109-4709-8003-25D57EBCA347}.Release|Any CPU.Build.0 = Release|Any CPU
	EndGlobalSection
	GlobalSection(SolutionProperties) = preSolution
		HideSolutionNode = FALSE
	EndGlobalSection
	GlobalSection(ExtensibilityGlobals) = postSolution
		SolutionGuid = {13794EEE-D07A-45FA-A786-91EFDBF458A6}
	EndGlobalSection
EndGlobal
